{
    "_meta": {
        "hash": {
            "sha256": "cea5a59d905ee9b3af9f8e1923de56b4921a7e7683045ba51a5539d173265154"
        },
        "pipfile-spec": 6,
        "requires": {
            "python_version": "3.6"
        },
        "sources": [
            {
                "name": "pypi",
                "url": "https://pypi.org/simple",
                "verify_ssl": true
            }
        ]
    },
    "default": {
        "appnope": {
            "hashes": [
                "sha256:5b26757dc6f79a3b7dc9fab95359328d5747fcb2409d331ea66d0272b90ab2a0",
                "sha256:8b995ffe925347a2138d7ac0fe77155e4311a0ea6d6da4f5128fe4b3cbe5ed71"
            ],
            "markers": "sys_platform == 'darwin'",
            "version": "==0.1.0"
        },
        "asn1crypto": {
            "hashes": [
                "sha256:2f1adbb7546ed199e3c90ef23ec95c5cf3585bac7d11fb7eb562a3fe89c64e87",
                "sha256:9d5c20441baf0cb60a4ac34cc447c6c189024b6b4c6cd7877034f4965c464e49"
            ],
            "version": "==0.24.0"
        },
        "attrs": {
            "hashes": [
                "sha256:10cbf6e27dbce8c30807caf056c8eb50917e0eaafe86347671b57254006c3e69",
                "sha256:ca4be454458f9dec299268d472aaa5a11f67a4ff70093396e1ceae9c76cf4bbb"
            ],
            "version": "==18.2.0"
        },
        "backcall": {
            "hashes": [
                "sha256:38ecd85be2c1e78f77fd91700c76e14667dc21e2713b63876c0eb901196e01e4",
                "sha256:bbbf4b1e5cd2bdb08f915895b51081c041bac22394fdfcfdfbe9f14b77c08bf2"
            ],
            "version": "==0.1.0"
        },
        "bcrypt": {
            "hashes": [
                "sha256:0ba875eb67b011add6d8c5b76afbd92166e98b1f1efab9433d5dc0fafc76e203",
                "sha256:21ed446054c93e209434148ef0b362432bb82bbdaf7beef70a32c221f3e33d1c",
                "sha256:28a0459381a8021f57230954b9e9a65bb5e3d569d2c253c5cac6cb181d71cf23",
                "sha256:2aed3091eb6f51c26b7c2fad08d6620d1c35839e7a362f706015b41bd991125e",
                "sha256:2fa5d1e438958ea90eaedbf8082c2ceb1a684b4f6c75a3800c6ec1e18ebef96f",
                "sha256:3a73f45484e9874252002793518da060fb11eaa76c30713faa12115db17d1430",
                "sha256:3e489787638a36bb466cd66780e15715494b6d6905ffdbaede94440d6d8e7dba",
                "sha256:44636759d222baa62806bbceb20e96f75a015a6381690d1bc2eda91c01ec02ea",
                "sha256:678c21b2fecaa72a1eded0cf12351b153615520637efcadc09ecf81b871f1596",
                "sha256:75460c2c3786977ea9768d6c9d8957ba31b5fbeb0aae67a5c0e96aab4155f18c",
                "sha256:8ac06fb3e6aacb0a95b56eba735c0b64df49651c6ceb1ad1cf01ba75070d567f",
                "sha256:8fdced50a8b646fff8fa0e4b1c5fd940ecc844b43d1da5a980cb07f2d1b1132f",
                "sha256:9b2c5b640a2da533b0ab5f148d87fb9989bf9bcb2e61eea6a729102a6d36aef9",
                "sha256:a9083e7fa9adb1a4de5ac15f9097eb15b04e2c8f97618f1b881af40abce382e1",
                "sha256:b7e3948b8b1a81c5a99d41da5fb2dc03ddb93b5f96fcd3fd27e643f91efa33e1",
                "sha256:b998b8ca979d906085f6a5d84f7b5459e5e94a13fc27c28a3514437013b6c2f6",
                "sha256:dd08c50bc6f7be69cd7ba0769acca28c846ec46b7a8ddc2acf4b9ac6f8a7457e",
                "sha256:de5badee458544ab8125e63e39afeedfcf3aef6a6e2282ac159c95ae7472d773",
                "sha256:ede2a87333d24f55a4a7338a6ccdccf3eaa9bed081d1737e0db4dbd1a4f7e6b6"
            ],
            "version": "==3.1.6"
        },
        "beautifulsoup4": {
            "hashes": [
                "sha256:034740f6cb549b4e932ae1ab975581e6103ac8f942200a0e9759065984391858",
                "sha256:945065979fb8529dd2f37dbb58f00b661bdbcbebf954f93b32fdf5263ef35348",
                "sha256:ba6d5c59906a85ac23dadfe5c88deaf3e179ef565f4898671253e50a78680718"
            ],
            "index": "pypi",
            "version": "==4.7.1"
        },
        "bleach": {
            "hashes": [
                "sha256:213336e49e102af26d9cde77dd2d0397afabc5a6bf2fed985dc35b5d1e285a16",
                "sha256:3fdf7f77adcf649c9911387df51254b813185e32b2c6619f690b593a617e19fa"
            ],
            "version": "==3.1.0"
        },
        "blinker": {
            "hashes": [
                "sha256:471aee25f3992bd325afa3772f1063dbdbbca947a041b8b89466dc00d606f8b6"
            ],
            "version": "==1.4"
        },
        "cffi": {
            "hashes": [
                "sha256:0b5f895714a7a9905148fc51978c62e8a6cbcace30904d39dcd0d9e2265bb2f6",
                "sha256:27cdc7ba35ee6aa443271d11583b50815c4bb52be89a909d0028e86c21961709",
                "sha256:2d4a38049ea93d5ce3c7659210393524c1efc3efafa151bd85d196fa98fce50a",
                "sha256:3262573d0d60fc6b9d0e0e6e666db0e5045cbe8a531779aa0deb3b425ec5a282",
                "sha256:358e96cfffc185ab8f6e7e425c7bb028931ed08d65402fbcf3f4e1bff6e66556",
                "sha256:37c7db824b5687fbd7ea5519acfd054c905951acc53503547c86be3db0580134",
                "sha256:39b9554dfe60f878e0c6ff8a460708db6e1b1c9cc6da2c74df2955adf83e355d",
                "sha256:42b96a77acf8b2d06821600fa87c208046decc13bd22a4a0e65c5c973443e0da",
                "sha256:5b37dde5035d3c219324cac0e69d96495970977f310b306fa2df5910e1f329a1",
                "sha256:5d35819f5566d0dd254f273d60cf4a2dcdd3ae3003dfd412d40b3fe8ffd87509",
                "sha256:5df73aa465e53549bd03c819c1bc69fb85529a5e1a693b7b6cb64408dd3970d1",
                "sha256:7075b361f7a4d0d4165439992d0b8a3cdfad1f302bf246ed9308a2e33b046bd3",
                "sha256:7678b5a667b0381c173abe530d7bdb0e6e3b98e062490618f04b80ca62686d96",
                "sha256:7dfd996192ff8a535458c17f22ff5eb78b83504c34d10eefac0c77b1322609e2",
                "sha256:8a3be5d31d02c60f84c4fd4c98c5e3a97b49f32e16861367f67c49425f955b28",
                "sha256:9812e53369c469506b123aee9dcb56d50c82fad60c5df87feb5ff59af5b5f55c",
                "sha256:9b6f7ba4e78c52c1a291d0c0c0bd745d19adde1a9e1c03cb899f0c6efd6f8033",
                "sha256:a85bc1d7c3bba89b3d8c892bc0458de504f8b3bcca18892e6ed15b5f7a52ad9d",
                "sha256:aa6b9c843ad645ebb12616de848cc4e25a40f633ccc293c3c9fe34107c02c2ea",
                "sha256:bae1aa56ee00746798beafe486daa7cfb586cd395c6ce822ba3068e48d761bc0",
                "sha256:bae96e26510e4825d5910a196bf6b5a11a18b87d9278db6d08413be8ea799469",
                "sha256:bd78df3b594013b227bf31d0301566dc50ba6f40df38a70ded731d5a8f2cb071",
                "sha256:c2711197154f46d06f73542c539a0ff5411f1951fab391e0a4ac8359badef719",
                "sha256:d998c20e3deed234fca993fd6c8314cb7cbfda05fd170f1bd75bb5d7421c3c5a",
                "sha256:df4f840d77d9e37136f8e6b432fecc9d6b8730f18f896e90628712c793466ce6",
                "sha256:f5653c2581acb038319e6705d4e3593677676df14b112f13e0b5b44b6a18df1a",
                "sha256:f7c7aa485a2e2250d455148470ffd0195eecc3d845122635202d7467d6f7b4cf",
                "sha256:f9e2c66a6493147de835f207f198540a56b26745ce4f272fbc7c2f2cfebeb729"
            ],
            "version": "==1.12.1"
        },
        "cryptography": {
            "hashes": [
                "sha256:05b3ded5e88747d28ee3ef493f2b92cbb947c1e45cf98cfef22e6d38bb67d4af",
                "sha256:06826e7f72d1770e186e9c90e76b4f84d90cdb917b47ff88d8dc59a7b10e2b1e",
                "sha256:08b753df3672b7066e74376f42ce8fc4683e4fd1358d34c80f502e939ee944d2",
                "sha256:2cd29bd1911782baaee890544c653bb03ec7d95ebeb144d714b0f5c33deb55c7",
                "sha256:31e5637e9036d966824edaa91bf0aa39dc6f525a1c599f39fd5c50340264e079",
                "sha256:42fad67d7072216a49e34f923d8cbda9edacbf6633b19a79655e88a1b4857063",
                "sha256:4946b67235b9d2ea7d31307be9d5ad5959d6c4a8f98f900157b47abddf698401",
                "sha256:522fdb2809603ee97a4d0ef2f8d617bc791eb483313ba307cb9c0a773e5e5695",
                "sha256:6f841c7272645dd7c65b07b7108adfa8af0aaea57f27b7f59e01d41f75444c85",
                "sha256:7d335e35306af5b9bc0560ca39f740dfc8def72749645e193dd35be11fb323b3",
                "sha256:8504661ffe324837f5c4607347eeee4cf0fcad689163c6e9c8d3b18cf1f4a4ad",
                "sha256:9260b201ce584d7825d900c88700aa0bd6b40d4ebac7b213857bd2babee9dbca",
                "sha256:9a30384cc402eac099210ab9b8801b2ae21e591831253883decdb4513b77a3cd",
                "sha256:9e29af877c29338f0cab5f049ccc8bd3ead289a557f144376c4fbc7d1b98914f",
                "sha256:ab50da871bc109b2d9389259aac269dd1b7c7413ee02d06fe4e486ed26882159",
                "sha256:b13c80b877e73bcb6f012813c6f4a9334fcf4b0e96681c5a15dac578f2eedfa0",
                "sha256:bfe66b577a7118e05b04141f0f1ed0959552d45672aa7ecb3d91e319d846001e",
                "sha256:e091bd424567efa4b9d94287a952597c05d22155a13716bf5f9f746b9dc906d3",
                "sha256:fa2b38c8519c5a3aa6e2b4e1cf1a549b54acda6adb25397ff542068e73d1ed00"
            ],
            "version": "==2.5"
        },
        "decorator": {
            "hashes": [
                "sha256:33cd704aea07b4c28b3eb2c97d288a06918275dac0ecebdaf1bc8a48d98adb9e",
                "sha256:cabb249f4710888a2fc0e13e9a16c343d932033718ff62e1e9bc93a9d3a9122b"
            ],
            "version": "==4.3.2"
        },
        "defusedxml": {
            "hashes": [
                "sha256:24d7f2f94f7f3cb6061acb215685e5125fbcdc40a857eff9de22518820b0a4f4",
                "sha256:702a91ade2968a82beb0db1e0766a6a273f33d4616a6ce8cde475d8e09853b20"
            ],
            "version": "==0.5.0"
        },
        "docutils": {
            "hashes": [
                "sha256:02aec4bd92ab067f6ff27a38a38a41173bf01bed8f89157768c1573f53e474a6",
                "sha256:51e64ef2ebfb29cae1faa133b3710143496eca21c530f3f71424d77687764274",
                "sha256:7a4bd47eaf6596e1295ecb11361139febe29b084a87bf005bf899f9a42edc3c6"
            ],
            "version": "==0.14"
        },
        "entrypoints": {
            "hashes": [
                "sha256:589f874b313739ad35be6e0cd7efde2a4e9b6fea91edcc34e58ecbb8dbe56d19",
                "sha256:c70dd71abe5a8c85e55e12c19bd91ccfeec11a6e99044204511f9ed547d48451"
            ],
            "version": "==0.3"
        },
        "fabric": {
            "hashes": [
                "sha256:93684ceaac92e0b78faae551297e29c48370cede12ff0f853cdebf67d4b87068",
                "sha256:98538f2f3f63cf52497a8d0b24d18424ae83fe67ac7611225c72afb9e67f2cf6"
            ],
            "index": "pypi",
            "version": "==2.4.0"
        },
        "fabric3": {
            "hashes": [
                "sha256:647e485ec83f30b587862f92374d6affc217f3d79819d1d7f512e42e7ae51e81",
                "sha256:7c5a5f2eb3079eb6bd2a69931f1ca298844c730ce3fdc68111db16e8857a0408"
            ],
            "index": "pypi",
            "version": "==1.14.post1"
        },
        "feedgenerator": {
            "hashes": [
                "sha256:5ae05daa9cfa47fa406ee4744d0b7fa1c8a05a7a47ee0ad328ddf55327cfb106"
            ],
            "version": "==1.9"
        },
        "invoke": {
            "hashes": [
                "sha256:4f4de934b15c2276caa4fbc5a3b8a61c0eb0b234f2be1780d2b793321995c2d6",
                "sha256:dc492f8f17a0746e92081aec3f86ae0b4750bf41607ea2ad87e5a7b5705121b7",
                "sha256:eb6f9262d4d25b40330fb21d1e99bf0f85011ccc3526980f8a3eaedd4b43892e"
            ],
            "version": "==1.2.0"
        },
        "ipykernel": {
            "hashes": [
                "sha256:0aeb7ec277ac42cc2b59ae3d08b10909b2ec161dc6908096210527162b53675d",
                "sha256:0fc0bf97920d454102168ec2008620066878848fcfca06c22b669696212e292f"
            ],
            "version": "==5.1.0"
        },
        "ipython": {
            "hashes": [
                "sha256:06de667a9e406924f97781bda22d5d76bfb39762b678762d86a466e63f65dc39",
                "sha256:5d3e020a6b5f29df037555e5c45ab1088d6a7cf3bd84f47e0ba501eeb0c3ec82"
            ],
            "index": "pypi",
            "version": "==7.3.0"
        },
        "ipython-genutils": {
            "hashes": [
                "sha256:72dd37233799e619666c9f639a9da83c34013a73e8bbc79a7a6348d93c61fab8",
                "sha256:eb2e116e75ecef9d4d228fdc66af54269afa26ab4463042e33785b887c628ba8"
            ],
            "version": "==0.2.0"
        },
        "jedi": {
            "hashes": [
                "sha256:2bb0603e3506f708e792c7f4ad8fc2a7a9d9c2d292a358fbbd58da531695595b",
                "sha256:2c6bcd9545c7d6440951b12b44d373479bf18123a401a52025cf98563fbd826c"
            ],
            "version": "==0.13.3"
        },
        "jinja2": {
            "hashes": [
                "sha256:74c935a1b8bb9a3947c50a54766a969d4846290e1e788ea44c1392163723c3bd",
                "sha256:f84be1bb0040caca4cea721fcbbbbd61f9be9464ca236387158b0feea01914a4"
            ],
            "version": "==2.10"
        },
        "jsonschema": {
            "hashes": [
                "sha256:acc8a90c31d11060516cfd0b414b9f8bcf4bc691b21f0f786ea57dd5255c79db",
                "sha256:dd3f8ecb1b52d94d45eedb67cb86cac57b94ded562c5d98f63719e55ce58557b"
            ],
            "version": "==3.0.0"
        },
        "jupyter-client": {
            "hashes": [
                "sha256:b5f9cb06105c1d2d30719db5ffb3ea67da60919fb68deaefa583deccd8813551",
                "sha256:c44411eb1463ed77548bc2d5ec0d744c9b81c4a542d9637c7a52824e2121b987"
            ],
            "version": "==5.2.4"
        },
        "jupyter-core": {
            "hashes": [
                "sha256:927d713ffa616ea11972534411544589976b2493fc7e09ad946e010aa7eb9970",
                "sha256:ba70754aa680300306c699790128f6fbd8c306ee5927976cbe48adacf240c0b7"
            ],
            "version": "==4.4.0"
        },
        "markdown": {
            "hashes": [
                "sha256:c00429bd503a47ec88d5e30a751e147dcb4c6889663cd3e2ba0afe858e009baa",
                "sha256:d02e0f9b04c500cde6637c11ad7c72671f359b87b9fe924b2383649d8841db7c"
            ],
            "index": "pypi",
            "version": "==3.0.1"
        },
        "markupsafe": {
            "hashes": [
                "sha256:00bc623926325b26bb9605ae9eae8a215691f33cae5df11ca5424f06f2d1f473",
                "sha256:09027a7803a62ca78792ad89403b1b7a73a01c8cb65909cd876f7fcebd79b161",
                "sha256:09c4b7f37d6c648cb13f9230d847adf22f8171b1ccc4d5682398e77f40309235",
                "sha256:1027c282dad077d0bae18be6794e6b6b8c91d58ed8a8d89a89d59693b9131db5",
                "sha256:24982cc2533820871eba85ba648cd53d8623687ff11cbb805be4ff7b4c971aff",
                "sha256:29872e92839765e546828bb7754a68c418d927cd064fd4708fab9fe9c8bb116b",
                "sha256:43a55c2930bbc139570ac2452adf3d70cdbb3cfe5912c71cdce1c2c6bbd9c5d1",
                "sha256:46c99d2de99945ec5cb54f23c8cd5689f6d7177305ebff350a58ce5f8de1669e",
                "sha256:500d4957e52ddc3351cabf489e79c91c17f6e0899158447047588650b5e69183",
                "sha256:535f6fc4d397c1563d08b88e485c3496cf5784e927af890fb3c3aac7f933ec66",
                "sha256:62fe6c95e3ec8a7fad637b7f3d372c15ec1caa01ab47926cfdf7a75b40e0eac1",
                "sha256:6dd73240d2af64df90aa7c4e7481e23825ea70af4b4922f8ede5b9e35f78a3b1",
                "sha256:717ba8fe3ae9cc0006d7c451f0bb265ee07739daf76355d06366154ee68d221e",
                "sha256:79855e1c5b8da654cf486b830bd42c06e8780cea587384cf6545b7d9ac013a0b",
                "sha256:7c1699dfe0cf8ff607dbdcc1e9b9af1755371f92a68f706051cc8c37d447c905",
                "sha256:88e5fcfb52ee7b911e8bb6d6aa2fd21fbecc674eadd44118a9cc3863f938e735",
                "sha256:8defac2f2ccd6805ebf65f5eeb132adcf2ab57aa11fdf4c0dd5169a004710e7d",
                "sha256:98c7086708b163d425c67c7a91bad6e466bb99d797aa64f965e9d25c12111a5e",
                "sha256:9add70b36c5666a2ed02b43b335fe19002ee5235efd4b8a89bfcf9005bebac0d",
                "sha256:9bf40443012702a1d2070043cb6291650a0841ece432556f784f004937f0f32c",
                "sha256:ade5e387d2ad0d7ebf59146cc00c8044acbd863725f887353a10df825fc8ae21",
                "sha256:b00c1de48212e4cc9603895652c5c410df699856a2853135b3967591e4beebc2",
                "sha256:b1282f8c00509d99fef04d8ba936b156d419be841854fe901d8ae224c59f0be5",
                "sha256:b2051432115498d3562c084a49bba65d97cf251f5a331c64a12ee7e04dacc51b",
                "sha256:ba59edeaa2fc6114428f1637ffff42da1e311e29382d81b339c1817d37ec93c6",
                "sha256:c8716a48d94b06bb3b2524c2b77e055fb313aeb4ea620c8dd03a105574ba704f",
                "sha256:cd5df75523866410809ca100dc9681e301e3c27567cf498077e8551b6d20e42f",
                "sha256:e249096428b3ae81b08327a63a485ad0878de3fb939049038579ac0ef61e17e7"
            ],
            "version": "==1.1.1"
        },
        "mistune": {
            "hashes": [
                "sha256:59a3429db53c50b5c6bcc8a07f8848cb00d7dc8bdb431a4ab41920d201d4756e",
                "sha256:88a1051873018da288eee8538d476dffe1262495144b33ecb586c4ab266bb8d4"
            ],
            "version": "==0.8.4"
        },
        "nbconvert": {
            "hashes": [
                "sha256:302554a2e219bc0fc84f3edd3e79953f3767b46ab67626fdec16e38ba3f7efe4",
                "sha256:5de8fb2284422272a1d45abc77c07b888127550a6d602ce619592a2b08a474ff"
            ],
            "index": "pypi",
            "version": "==5.4.1"
        },
        "nbformat": {
            "hashes": [
                "sha256:b9a0dbdbd45bb034f4f8893cafd6f652ea08c8c1674ba83f2dc55d3955743b0b",
                "sha256:f7494ef0df60766b7cabe0a3651556345a963b74dbc16bc7c18479041170d402"
            ],
            "version": "==4.4.0"
        },
        "notebook": {
            "hashes": [
                "sha256:3ab2db8bc10e6edbd264c3c4b800bee276c99818386ee0c146d98d7e6bcf0a67",
                "sha256:d908673a4010787625c8952e91a22adf737db031f2aa0793ad92f6558918a74a"
            ],
            "index": "pypi",
            "version": "==5.7.4"
        },
        "pandocfilters": {
            "hashes": [
                "sha256:b3dd70e169bb5449e6bc6ff96aea89c5eea8c5f6ab5e207fc2f521a2cf4a0da9"
            ],
            "version": "==1.4.2"
        },
        "paramiko": {
            "hashes": [
                "sha256:3c16b2bfb4c0d810b24c40155dbfd113c0521e7e6ee593d704e84b4c658a1f3b",
                "sha256:a8975a7df3560c9f1e2b43dc54ebd40fd00a7017392ca5445ce7df409f900fcb"
            ],
            "version": "==2.4.2"
        },
        "parso": {
            "hashes": [
                "sha256:4580328ae3f548b358f4901e38c0578229186835f0fa0846e47369796dd5bcc9",
                "sha256:68406ebd7eafe17f8e40e15a84b56848eccbf27d7c1feb89e93d8fca395706db"
            ],
            "version": "==0.3.4"
        },
        "pelican": {
            "hashes": [
                "sha256:8924308a5448699515ae22fd21aba2fa542a691a5c2910bf07af53ab5801ab2b",
                "sha256:990aa8b62a7bcb34c7585e5a67d05a10690ab2fff3cb761d0a94826cec51cd17"
            ],
            "index": "pypi",
            "version": "==4.0.1"
        },
        "pexpect": {
            "hashes": [
                "sha256:2a8e88259839571d1251d278476f3eec5db26deb73a70be5ed5dc5435e418aba",
                "sha256:3fbd41d4caf27fa4a377bfd16fef87271099463e6fa73e92a52f92dfee5d425b"
            ],
            "markers": "sys_platform != 'win32'",
            "version": "==4.6.0"
        },
        "pickleshare": {
            "hashes": [
                "sha256:87683d47965c1da65cdacaf31c8441d12b8044cdec9aca500cd78fc2c683afca",
                "sha256:9649af414d74d4df115d5d718f82acb59c9d418196b7b4290ed47a12ce62df56"
            ],
            "version": "==0.7.5"
        },
        "prometheus-client": {
            "hashes": [
                "sha256:1b38b958750f66f208bcd9ab92a633c0c994d8859c831f7abc1f46724fcee490"
            ],
            "version": "==0.6.0"
        },
        "prompt-toolkit": {
            "hashes": [
                "sha256:11adf3389a996a6d45cc277580d0d53e8a5afd281d0c9ec71b28e6f121463780",
                "sha256:2519ad1d8038fd5fc8e770362237ad0364d16a7650fb5724af6997ed5515e3c1",
                "sha256:977c6583ae813a37dc1c2e1b715892461fcbdaa57f6fc62f33a528c4886c8f55"
            ],
            "version": "==2.0.9"
        },
        "ptyprocess": {
            "hashes": [
                "sha256:923f299cc5ad920c68f2bc0bc98b75b9f838b93b599941a6b63ddbc2476394c0",
                "sha256:d7cc528d76e76342423ca640335bd3633420dc1366f258cb31d05e865ef5ca1f"
            ],
            "markers": "os_name != 'nt'",
            "version": "==0.6.0"
        },
        "pyasn1": {
            "hashes": [
                "sha256:da2420fe13a9452d8ae97a0e478adde1dee153b11ba832a95b223a2ba01c10f7",
                "sha256:da6b43a8c9ae93bc80e2739efb38cc776ba74a886e3e9318d65fe81a8b8a2c6e"
            ],
            "version": "==0.4.5"
        },
        "pycparser": {
            "hashes": [
                "sha256:a988718abfad80b6b157acce7bf130a30876d27603738ac39f140993246b25b3"
            ],
            "version": "==2.19"
        },
        "pygments": {
            "hashes": [
                "sha256:5ffada19f6203563680669ee7f53b64dabbeb100eb51b61996085e99c03b284a",
                "sha256:e8218dd399a61674745138520d0d4cf2621d7e032439341bc3f647bff125818d"
            ],
            "version": "==2.3.1"
        },
        "pynacl": {
            "hashes": [
                "sha256:05c26f93964373fc0abe332676cb6735f0ecad27711035b9472751faa8521255",
                "sha256:0c6100edd16fefd1557da078c7a31e7b7d7a52ce39fdca2bec29d4f7b6e7600c",
                "sha256:0d0a8171a68edf51add1e73d2159c4bc19fc0718e79dec51166e940856c2f28e",
                "sha256:1c780712b206317a746ace34c209b8c29dbfd841dfbc02aa27f2084dd3db77ae",
                "sha256:2424c8b9f41aa65bbdbd7a64e73a7450ebb4aa9ddedc6a081e7afcc4c97f7621",
                "sha256:2d23c04e8d709444220557ae48ed01f3f1086439f12dbf11976e849a4926db56",
                "sha256:30f36a9c70450c7878053fa1344aca0145fd47d845270b43a7ee9192a051bf39",
                "sha256:37aa336a317209f1bb099ad177fef0da45be36a2aa664507c5d72015f956c310",
                "sha256:4943decfc5b905748f0756fdd99d4f9498d7064815c4cf3643820c9028b711d1",
                "sha256:57ef38a65056e7800859e5ba9e6091053cd06e1038983016effaffe0efcd594a",
                "sha256:5bd61e9b44c543016ce1f6aef48606280e45f892a928ca7068fba30021e9b786",
                "sha256:6482d3017a0c0327a49dddc8bd1074cc730d45db2ccb09c3bac1f8f32d1eb61b",
                "sha256:7d3ce02c0784b7cbcc771a2da6ea51f87e8716004512493a2b69016326301c3b",
                "sha256:a14e499c0f5955dcc3991f785f3f8e2130ed504fa3a7f44009ff458ad6bdd17f",
                "sha256:a39f54ccbcd2757d1d63b0ec00a00980c0b382c62865b61a505163943624ab20",
                "sha256:aabb0c5232910a20eec8563503c153a8e78bbf5459490c49ab31f6adf3f3a415",
                "sha256:bd4ecb473a96ad0f90c20acba4f0bf0df91a4e03a1f4dd6a4bdc9ca75aa3a715",
                "sha256:e2da3c13307eac601f3de04887624939aca8ee3c9488a0bb0eca4fb9401fc6b1",
                "sha256:f67814c38162f4deb31f68d590771a29d5ae3b1bd64b75cf232308e5c74777e0"
            ],
            "version": "==1.3.0"
        },
        "pyrsistent": {
            "hashes": [
                "sha256:3ca82748918eb65e2d89f222b702277099aca77e34843c5eb9d52451173970e2"
            ],
            "version": "==0.14.11"
        },
        "python-dateutil": {
            "hashes": [
                "sha256:7e6584c74aeed623791615e26efd690f29817a27c73085b78e4bad02493df2fb",
                "sha256:c89805f6f4d64db21ed966fda138f8a5ed7a4fdbc1a8ee329ce1b74e3c74da9e"
            ],
            "version": "==2.8.0"
        },
        "pytz": {
            "hashes": [
                "sha256:32b0891edff07e28efe91284ed9c31e123d84bea3fd98e1f72be2508f43ef8d9",
                "sha256:d5f05e487007e29e03409f9398d074e158d920d36eb82eaf66fb1136b0c5374c"
            ],
            "version": "==2018.9"
        },
        "pyzmq": {
            "hashes": [
                "sha256:07a03450418694fb07e76a0191b6bc9f411afc8e364ca2062edcf28bb0e51c63",
                "sha256:15f0bf7cd80020f165635595e197603aedb37fddf4164ad5ae226afc43242f7b",
                "sha256:1756dc72e192c670490e38c788c3a35f901adc74ee436e5131d5a3e85fdd7dc6",
                "sha256:1d1eb490da54679d724b08ef3ee04530849023670c4ba7e400ed2cdf906720c4",
                "sha256:228402625796821f08706f58cc42a3c51c9897d723550babaefe4feec2b6dacc",
                "sha256:264ac9dcee6a7af2bce4b61f2d19e5926118a5caa629b50f107ef6318670a364",
                "sha256:2b5a43da65f5dec857184d5c2ce13b80071019e96358f146bdecff7238765bc9",
                "sha256:3928534fa00a2aabfcfdb439c08ba37fbe99ab0cf57776c8db8d2b73a51693ba",
                "sha256:3d2a295b1086d450981f73d3561ac204a0cc9c8ded386a4a34327d918f3b1d0a",
                "sha256:411def5b4cbe6111856040a55c8048df113882e90c57ce88de4a48f0189441ac",
                "sha256:4b77e96a7ffc1c5e08eaf274db554f227b31717d086adca1bb42b12ef35a7194",
                "sha256:4c87fa3e449e1f4ab9170cdfe8213dc0ba34a11b160e6adecafa892e451a29b6",
                "sha256:4fd8621a309db6ec23ef1369f43cdf7a9b0dc217d8ff9ca4095a6e932b379bda",
                "sha256:54fe55a1694ffe608c8e4c5183e83cab7a91f3e5c84bd6f188868d6676c12aba",
                "sha256:60acabd86808a16a895a247fd2bf7a127284a33562d79687bb5df163cff068b2",
                "sha256:618887be4ad754228c0cbba7631f6574608b4430fe93974e6322324f1304fdac",
                "sha256:69130efb6efa936de601cb135a8a4eec1caccd4ea2b784237145ff4075c2d3ae",
                "sha256:6e7f78eeac82140bde7e60e975c6e6b1b678a4dd377782ab63319c1c78bf3aa1",
                "sha256:6ee760cdb84e43574da6b3f2f1fc1251e8acf87253900d28a06451c5f5de39e9",
                "sha256:75c87f1dc1e65cea4b709f2ebc78fa18d4b475e41463502aec9cd26208b88e0f",
                "sha256:97cb1b7cd2c46e87b0a26651eccd2bbb8c758035efd1635ebb81ac36aa76a88c",
                "sha256:abfa774dbadacc849121ed92eae05189d226daab583388b499472e1bbb17ef69",
                "sha256:ae3d2627d74195ddc95675f2f814aca998381b73dc4341b9e10e3e191e1bdb0b",
                "sha256:b30c339eb58355f51f4f54dd61d785f1ff58c86bca1c3a5916977631d121867b",
                "sha256:cbabdced5b137cd56aa22633f13ac5690029a0ad43ab6c05f53206e489178362"
            ],
            "version": "==18.0.0"
        },
        "send2trash": {
            "hashes": [
                "sha256:60001cc07d707fe247c94f74ca6ac0d3255aabcb930529690897ca2a39db28b2",
                "sha256:f1691922577b6fa12821234aeb57599d887c4900b9ca537948d2dac34aea888b"
            ],
            "version": "==1.5.0"
        },
        "six": {
            "hashes": [
                "sha256:3350809f0555b11f552448330d0b52d5f24c91a322ea4a15ef22629740f3761c",
                "sha256:d16a0141ec1a18405cd4ce8b4613101da75da0e9a7aec5bdd4fa804d0e0eba73"
            ],
            "version": "==1.12.0"
        },
        "soupsieve": {
            "hashes": [
                "sha256:afa56bf14907bb09403e5d15fbed6275caa4174d36b975226e3b67a3bb6e2c4b",
                "sha256:eaed742b48b1f3e2d45ba6f79401b2ed5dc33b2123dfe216adb90d4bfa0ade26"
            ],
            "version": "==1.8"
        },
        "terminado": {
            "hashes": [
                "sha256:55abf9ade563b8f9be1f34e4233c7b7bde726059947a593322e8a553cc4c067a",
                "sha256:65011551baff97f5414c67018e908110693143cfbaeb16831b743fe7cad8b927"
            ],
            "version": "==0.8.1"
        },
        "testpath": {
            "hashes": [
                "sha256:46c89ebb683f473ffe2aab0ed9f12581d4d078308a3cb3765d79c6b2317b0109",
                "sha256:b694b3d9288dbd81685c5d2e7140b81365d46c29f5db4bc659de5aa6b98780f8"
            ],
            "version": "==0.4.2"
        },
        "tornado": {
            "hashes": [
                "sha256:0662d28b1ca9f67108c7e3b77afabfb9c7e87bde174fbda78186ecedc2499a9d",
                "sha256:4e5158d97583502a7e2739951553cbd88a72076f152b4b11b64b9a10c4c49409",
                "sha256:732e836008c708de2e89a31cb2fa6c0e5a70cb60492bee6f1ea1047500feaf7f",
                "sha256:8154ec22c450df4e06b35f131adc4f2f3a12ec85981a203301d310abf580500f",
                "sha256:8e9d728c4579682e837c92fdd98036bd5cdefa1da2aaf6acf26947e6dd0c01c5",
                "sha256:d4b3e5329f572f055b587efc57d29bd051589fb5a43ec8898c77a47ec2fa2bbb",
                "sha256:e5f2585afccbff22390cddac29849df463b252b711aa2ce7c5f3f342a5b3b444"
            ],
            "version": "==5.1.1"
        },
        "traitlets": {
            "hashes": [
                "sha256:9c4bd2d267b7153df9152698efb1050a5d84982d3384a37b2c1f7723ba3e7835",
                "sha256:c6cb5e6f57c5a9bdaa40fa71ce7b4af30298fbab9ece9815b5d995ab6217c7d9"
            ],
            "version": "==4.3.2"
        },
        "unidecode": {
            "hashes": [
                "sha256:092cdf7ad9d1052c50313426a625b717dab52f7ac58f859e09ea020953b1ad8f",
                "sha256:8b85354be8fd0c0e10adbf0675f6dc2310e56fda43fa8fe049123b6c475e52fb"
            ],
            "version": "==1.0.23"
        },
        "wcwidth": {
            "hashes": [
                "sha256:3df37372226d6e63e1b1e1eda15c594bca98a22d33a23832a90998faa96bc65e",
                "sha256:f4ebe71925af7b40a864553f761ed559b43544f8f71746c2d756c7fe788ade7c"
            ],
            "version": "==0.1.7"
        },
        "webassets": {
            "hashes": [
                "sha256:e7d9c8887343123fd5b32309b33167428cb1318cdda97ece12d0907fd69d38db"
            ],
            "index": "pypi",
            "version": "==0.12.1"
        },
        "webencodings": {
            "hashes": [
                "sha256:a0af1213f3c2226497a97e2b3aa01a7e4bee4f403f95be16fc9acd2947514a78",
                "sha256:b36a1c245f2d304965eb4e0a82848379241dc04b865afcc4aab16748587e1923"
            ],
            "version": "==0.5.1"
        }
    },
    "develop": {}
}
